
Microsoft Visual Studio Solution File, Format Version 12.00
# Visual Studio 15
VisualStudioVersion = 15.0.26403.3
MinimumVisualStudioVersion = 10.0.40219.1
Project("{FAE04EC0-301F-11D3-BF4B-00C04F79EFBC}") = "TipezeNyumbaWebApplication", "TipezeNyumbaWebApplication\TipezeNyumbaWebApplication.csproj", "{44E0F536-C321-4F7D-8D7C-0FADD73647A6}"
EndProject
Global
	GlobalSection(SolutionConfigurationPlatforms) = preSolution
		Debug|Any CPU = Debug|Any CPU
		Release|Any CPU = Release|Any CPU
	EndGlobalSection
	GlobalSection(ProjectConfigurationPlatforms) = postSolution
		{44E0F536-C321-4F7D-8D7C-0FADD73647A6}.Debug|Any CPU.ActiveCfg = Debug|Any CPU
		{44E0F536-C321-4F7D-8D7C-0FADD73647A6}.Debug|Any CPU.Build.0 = Debug|Any CPU
		{44E0F536-C321-4F7D-8D7C-0FADD73647A6}.Release|Any CPU.ActiveCfg = Release|Any CPU
		{44E0F536-C321-4F7D-8D7C-0FADD73647A6}.Release|Any CPU.Build.0 = Release|Any CPU
	EndGlobalSection
	GlobalSection(SolutionProperties) = preSolution
		HideSolutionNode = FALSE
	EndGlobalSection
EndGlobal
